
Microsoft Visual Studio Solution File, Format Version 12.00
# Visual Studio Version 17
VisualStudioVersion = 17.11.35222.181
MinimumVisualStudioVersion = 10.0.40219.1
Project("{FAE04EC0-301F-11D3-BF4B-00C04F79EFBC}") = "QuanLyBanGiay", "QuanLyBanGiay.csproj", "{EDD340A3-8426-42CF-909C-C836468C51C9}"
EndProject
Project("{FAE04EC0-301F-11D3-BF4B-00C04F79EFBC}") = "SqlHelperLibrary", "..\SqlHelperLibrary\SqlHelperLibrary.csproj", "{812D992D-8BD7-4D1B-8495-D655DCF9EDA1}"
EndProject
Project("{FAE04EC0-301F-11D3-BF4B-00C04F79EFBC}") = "CustomControlsLibrary", "..\CustomControlsLIbrary\CustomControlsLibrary.csproj", "{F8C906C1-2EA3-4802-B4FB-BBB73E8157B4}"
EndProject
Global
	GlobalSection(SolutionConfigurationPlatforms) = preSolution
		Debug|Any CPU = Debug|Any CPU
		Release|Any CPU = Release|Any CPU
	EndGlobalSection
	GlobalSection(ProjectConfigurationPlatforms) = postSolution
		{EDD340A3-8426-42CF-909C-C836468C51C9}.Debug|Any CPU.ActiveCfg = Debug|Any CPU
		{EDD340A3-8426-42CF-909C-C836468C51C9}.Debug|Any CPU.Build.0 = Debug|Any CPU
		{EDD340A3-8426-42CF-909C-C836468C51C9}.Release|Any CPU.ActiveCfg = Release|Any CPU
		{EDD340A3-8426-42CF-909C-C836468C51C9}.Release|Any CPU.Build.0 = Release|Any CPU
		{812D992D-8BD7-4D1B-8495-D655DCF9EDA1}.Debug|Any CPU.ActiveCfg = Debug|Any CPU
		{812D992D-8BD7-4D1B-8495-D655DCF9EDA1}.Debug|Any CPU.Build.0 = Debug|Any CPU
		{812D992D-8BD7-4D1B-8495-D655DCF9EDA1}.Release|Any CPU.ActiveCfg = Release|Any CPU
		{812D992D-8BD7-4D1B-8495-D655DCF9EDA1}.Release|Any CPU.Build.0 = Release|Any CPU
		{F8C906C1-2EA3-4802-B4FB-BBB73E8157B4}.Debug|Any CPU.ActiveCfg = Debug|Any CPU
		{F8C906C1-2EA3-4802-B4FB-BBB73E8157B4}.Debug|Any CPU.Build.0 = Debug|Any CPU
		{F8C906C1-2EA3-4802-B4FB-BBB73E8157B4}.Release|Any CPU.ActiveCfg = Release|Any CPU
		{F8C906C1-2EA3-4802-B4FB-BBB73E8157B4}.Release|Any CPU.Build.0 = Release|Any CPU
	EndGlobalSection
	GlobalSection(SolutionProperties) = preSolution
		HideSolutionNode = FALSE
	EndGlobalSection
	GlobalSection(ExtensibilityGlobals) = postSolution
		SolutionGuid = {B3F64893-2145-44FE-B14F-39D2CE6DC859}
	EndGlobalSection
EndGlobal
