
Microsoft Visual Studio Solution File, Format Version 12.00
# Visual Studio Version 17
VisualStudioVersion = 17.11.35312.102
MinimumVisualStudioVersion = 10.0.40219.1
Project("{2150E333-8FDC-42A3-9474-1A3956D46DE8}") = "1.GUI", "1.GUI", "{D0A89E43-B73E-4CE8-97AB-9D3A1D970D34}"
EndProject
Project("{2150E333-8FDC-42A3-9474-1A3956D46DE8}") = "2.BLL", "2.BLL", "{2D3B19E3-ECA8-4B46-BA93-1A0F4D30FFAE}"
EndProject
Project("{2150E333-8FDC-42A3-9474-1A3956D46DE8}") = "3.DAL", "3.DAL", "{D2D77CBD-D7DB-4FFB-8BD4-B28DEDC320E8}"
EndProject
Project("{2150E333-8FDC-42A3-9474-1A3956D46DE8}") = "4.DTO", "4.DTO", "{95B9F259-9174-49DC-B48D-EF7BD2BF280B}"
EndProject
Project("{2150E333-8FDC-42A3-9474-1A3956D46DE8}") = "5.CUS", "5.CUS", "{8A176656-4F26-452B-8962-63E1DDF6862A}"
EndProject
Project("{FAE04EC0-301F-11D3-BF4B-00C04F79EFBC}") = "GUI", "GUI\GUI.csproj", "{21A6F37C-A064-47DF-9709-0744F7B0545D}"
EndProject
Project("{FAE04EC0-301F-11D3-BF4B-00C04F79EFBC}") = "BLL", "BLL\BLL.csproj", "{52582124-68CD-4492-9829-105337D87458}"
EndProject
Project("{FAE04EC0-301F-11D3-BF4B-00C04F79EFBC}") = "DAL", "DAL\DAL.csproj", "{6AA136B5-7938-44A3-BDDF-E8800C5116B9}"
EndProject
Project("{FAE04EC0-301F-11D3-BF4B-00C04F79EFBC}") = "DTO", "DTO\DTO.csproj", "{D6386C29-E852-476E-BAF4-B88BF827EDBB}"
EndProject
Project("{2150E333-8FDC-42A3-9474-1A3956D46DE8}") = "6.WEB", "6.WEB", "{EEEAA9A7-F3CE-4BFA-B76E-F2EFB81B7919}"
EndProject
Project("{FAE04EC0-301F-11D3-BF4B-00C04F79EFBC}") = "WEBAPP", "WEBAPP\WEBAPP.csproj", "{166CA8CE-DDB7-45A3-BA7D-3484710084CD}"
EndProject
Project("{FAE04EC0-301F-11D3-BF4B-00C04F79EFBC}") = "UserControls", "DangNhapControl\UserControls.csproj", "{DE0D29FA-928F-427C-AFD3-3D5203D11C0F}"
EndProject
Global
	GlobalSection(SolutionConfigurationPlatforms) = preSolution
		Debug|Any CPU = Debug|Any CPU
		Release|Any CPU = Release|Any CPU
	EndGlobalSection
	GlobalSection(ProjectConfigurationPlatforms) = postSolution
		{21A6F37C-A064-47DF-9709-0744F7B0545D}.Debug|Any CPU.ActiveCfg = Debug|Any CPU
		{21A6F37C-A064-47DF-9709-0744F7B0545D}.Debug|Any CPU.Build.0 = Debug|Any CPU
		{21A6F37C-A064-47DF-9709-0744F7B0545D}.Release|Any CPU.ActiveCfg = Release|Any CPU
		{21A6F37C-A064-47DF-9709-0744F7B0545D}.Release|Any CPU.Build.0 = Release|Any CPU
		{52582124-68CD-4492-9829-105337D87458}.Debug|Any CPU.ActiveCfg = Debug|Any CPU
		{52582124-68CD-4492-9829-105337D87458}.Debug|Any CPU.Build.0 = Debug|Any CPU
		{52582124-68CD-4492-9829-105337D87458}.Release|Any CPU.ActiveCfg = Release|Any CPU
		{52582124-68CD-4492-9829-105337D87458}.Release|Any CPU.Build.0 = Release|Any CPU
		{6AA136B5-7938-44A3-BDDF-E8800C5116B9}.Debug|Any CPU.ActiveCfg = Debug|Any CPU
		{6AA136B5-7938-44A3-BDDF-E8800C5116B9}.Debug|Any CPU.Build.0 = Debug|Any CPU
		{6AA136B5-7938-44A3-BDDF-E8800C5116B9}.Release|Any CPU.ActiveCfg = Release|Any CPU
		{6AA136B5-7938-44A3-BDDF-E8800C5116B9}.Release|Any CPU.Build.0 = Release|Any CPU
		{D6386C29-E852-476E-BAF4-B88BF827EDBB}.Debug|Any CPU.ActiveCfg = Debug|Any CPU
		{D6386C29-E852-476E-BAF4-B88BF827EDBB}.Debug|Any CPU.Build.0 = Debug|Any CPU
		{D6386C29-E852-476E-BAF4-B88BF827EDBB}.Release|Any CPU.ActiveCfg = Release|Any CPU
		{D6386C29-E852-476E-BAF4-B88BF827EDBB}.Release|Any CPU.Build.0 = Release|Any CPU
		{166CA8CE-DDB7-45A3-BA7D-3484710084CD}.Debug|Any CPU.ActiveCfg = Debug|Any CPU
		{166CA8CE-DDB7-45A3-BA7D-3484710084CD}.Debug|Any CPU.Build.0 = Debug|Any CPU
		{166CA8CE-DDB7-45A3-BA7D-3484710084CD}.Release|Any CPU.ActiveCfg = Release|Any CPU
		{166CA8CE-DDB7-45A3-BA7D-3484710084CD}.Release|Any CPU.Build.0 = Release|Any CPU
		{DE0D29FA-928F-427C-AFD3-3D5203D11C0F}.Debug|Any CPU.ActiveCfg = Debug|Any CPU
		{DE0D29FA-928F-427C-AFD3-3D5203D11C0F}.Debug|Any CPU.Build.0 = Debug|Any CPU
		{DE0D29FA-928F-427C-AFD3-3D5203D11C0F}.Release|Any CPU.ActiveCfg = Release|Any CPU
		{DE0D29FA-928F-427C-AFD3-3D5203D11C0F}.Release|Any CPU.Build.0 = Release|Any CPU
	EndGlobalSection
	GlobalSection(SolutionProperties) = preSolution
		HideSolutionNode = FALSE
	EndGlobalSection
	GlobalSection(NestedProjects) = preSolution
		{21A6F37C-A064-47DF-9709-0744F7B0545D} = {D0A89E43-B73E-4CE8-97AB-9D3A1D970D34}
		{52582124-68CD-4492-9829-105337D87458} = {2D3B19E3-ECA8-4B46-BA93-1A0F4D30FFAE}
		{6AA136B5-7938-44A3-BDDF-E8800C5116B9} = {D2D77CBD-D7DB-4FFB-8BD4-B28DEDC320E8}
		{D6386C29-E852-476E-BAF4-B88BF827EDBB} = {95B9F259-9174-49DC-B48D-EF7BD2BF280B}
		{166CA8CE-DDB7-45A3-BA7D-3484710084CD} = {EEEAA9A7-F3CE-4BFA-B76E-F2EFB81B7919}
		{DE0D29FA-928F-427C-AFD3-3D5203D11C0F} = {8A176656-4F26-452B-8962-63E1DDF6862A}
	EndGlobalSection
	GlobalSection(ExtensibilityGlobals) = postSolution
		SolutionGuid = {7DC7908E-0A07-4CB3-9B6C-D23F87468C0D}
	EndGlobalSection
EndGlobal
